
Microsoft Visual Studio Solution File, Format Version 12.00
# Visual Studio Version 16
VisualStudioVersion = 16.0.32106.194
MinimumVisualStudioVersion = 10.0.40219.1
Project("{FAE04EC0-301F-11D3-BF4B-00C04F79EFBC}") = "Practical-12_2.Web", "Practical-12_2.Web\Practical-12_2.Web.csproj", "{4768C98D-D2DD-40AE-8D9A-591B4EDC5CB5}"
EndProject
Project("{FAE04EC0-301F-11D3-BF4B-00C04F79EFBC}") = "Practical-12_2.Data", "Practical-12_2.Data\Practical-12_2.Data.csproj", "{CFED35CD-0933-4F70-AFB7-D64EA5F12CE6}"
EndProject
Global
	GlobalSection(SolutionConfigurationPlatforms) = preSolution
		Debug|Any CPU = Debug|Any CPU
		Release|Any CPU = Release|Any CPU
	EndGlobalSection
	GlobalSection(ProjectConfigurationPlatforms) = postSolution
		{4768C98D-D2DD-40AE-8D9A-591B4EDC5CB5}.Debug|Any CPU.ActiveCfg = Debug|Any CPU
		{4768C98D-D2DD-40AE-8D9A-591B4EDC5CB5}.Debug|Any CPU.Build.0 = Debug|Any CPU
		{4768C98D-D2DD-40AE-8D9A-591B4EDC5CB5}.Release|Any CPU.ActiveCfg = Release|Any CPU
		{4768C98D-D2DD-40AE-8D9A-591B4EDC5CB5}.Release|Any CPU.Build.0 = Release|Any CPU
		{CFED35CD-0933-4F70-AFB7-D64EA5F12CE6}.Debug|Any CPU.ActiveCfg = Debug|Any CPU
		{CFED35CD-0933-4F70-AFB7-D64EA5F12CE6}.Debug|Any CPU.Build.0 = Debug|Any CPU
		{CFED35CD-0933-4F70-AFB7-D64EA5F12CE6}.Release|Any CPU.ActiveCfg = Release|Any CPU
		{CFED35CD-0933-4F70-AFB7-D64EA5F12CE6}.Release|Any CPU.Build.0 = Release|Any CPU
	EndGlobalSection
	GlobalSection(SolutionProperties) = preSolution
		HideSolutionNode = FALSE
	EndGlobalSection
	GlobalSection(ExtensibilityGlobals) = postSolution
		SolutionGuid = {AED7E0A3-8C74-43CA-949C-5A2447C1204A}
	EndGlobalSection
EndGlobal
